
Microsoft Visual Studio Solution File, Format Version 12.00
# Visual Studio 15
VisualStudioVersion = 15.0.28307.1259
MinimumVisualStudioVersion = 10.0.40219.1
Project("{8BC9CEB8-8B4A-11D0-8D11-00A0C91BC942}") = "Ch2_HW317", "Ch2_HW317\Ch2_HW317.vcxproj", "{E2D0CC38-BD88-4495-92AE-F3BF016C5359}"
EndProject
Global
	GlobalSection(SolutionConfigurationPlatforms) = preSolution
		Debug|x64 = Debug|x64
		Debug|x86 = Debug|x86
		Release|x64 = Release|x64
		Release|x86 = Release|x86
	EndGlobalSection
	GlobalSection(ProjectConfigurationPlatforms) = postSolution
		{E2D0CC38-BD88-4495-92AE-F3BF016C5359}.Debug|x64.ActiveCfg = Debug|x64
		{E2D0CC38-BD88-4495-92AE-F3BF016C5359}.Debug|x64.Build.0 = Debug|x64
		{E2D0CC38-BD88-4495-92AE-F3BF016C5359}.Debug|x86.ActiveCfg = Debug|Win32
		{E2D0CC38-BD88-4495-92AE-F3BF016C5359}.Debug|x86.Build.0 = Debug|Win32
		{E2D0CC38-BD88-4495-92AE-F3BF016C5359}.Release|x64.ActiveCfg = Release|x64
		{E2D0CC38-BD88-4495-92AE-F3BF016C5359}.Release|x64.Build.0 = Release|x64
		{E2D0CC38-BD88-4495-92AE-F3BF016C5359}.Release|x86.ActiveCfg = Release|Win32
		{E2D0CC38-BD88-4495-92AE-F3BF016C5359}.Release|x86.Build.0 = Release|Win32
	EndGlobalSection
	GlobalSection(SolutionProperties) = preSolution
		HideSolutionNode = FALSE
	EndGlobalSection
	GlobalSection(ExtensibilityGlobals) = postSolution
		SolutionGuid = {AE3219EF-A66B-4AD0-9DF7-B3D43DADB6B9}
	EndGlobalSection
EndGlobal
