
Microsoft Visual Studio Solution File, Format Version 12.00
# Visual Studio 15
VisualStudioVersion = 15.0.28307.1259
MinimumVisualStudioVersion = 10.0.40219.1
Project("{8BC9CEB8-8B4A-11D0-8D11-00A0C91BC942}") = "Ch2_Hw333", "Ch2_Hw333\Ch2_Hw333.vcxproj", "{FF4ABB69-F1B6-438E-8D43-05B9EEC14C29}"
EndProject
Global
	GlobalSection(SolutionConfigurationPlatforms) = preSolution
		Debug|x64 = Debug|x64
		Debug|x86 = Debug|x86
		Release|x64 = Release|x64
		Release|x86 = Release|x86
	EndGlobalSection
	GlobalSection(ProjectConfigurationPlatforms) = postSolution
		{FF4ABB69-F1B6-438E-8D43-05B9EEC14C29}.Debug|x64.ActiveCfg = Debug|x64
		{FF4ABB69-F1B6-438E-8D43-05B9EEC14C29}.Debug|x64.Build.0 = Debug|x64
		{FF4ABB69-F1B6-438E-8D43-05B9EEC14C29}.Debug|x86.ActiveCfg = Debug|Win32
		{FF4ABB69-F1B6-438E-8D43-05B9EEC14C29}.Debug|x86.Build.0 = Debug|Win32
		{FF4ABB69-F1B6-438E-8D43-05B9EEC14C29}.Release|x64.ActiveCfg = Release|x64
		{FF4ABB69-F1B6-438E-8D43-05B9EEC14C29}.Release|x64.Build.0 = Release|x64
		{FF4ABB69-F1B6-438E-8D43-05B9EEC14C29}.Release|x86.ActiveCfg = Release|Win32
		{FF4ABB69-F1B6-438E-8D43-05B9EEC14C29}.Release|x86.Build.0 = Release|Win32
	EndGlobalSection
	GlobalSection(SolutionProperties) = preSolution
		HideSolutionNode = FALSE
	EndGlobalSection
	GlobalSection(ExtensibilityGlobals) = postSolution
		SolutionGuid = {34AB4A45-BC4A-47BF-B800-1C08EBB3D8D0}
	EndGlobalSection
EndGlobal
